
Microsoft Visual Studio Solution File, Format Version 12.00
# Visual Studio 15
VisualStudioVersion = 15.0.26228.4
MinimumVisualStudioVersion = 10.0.40219.1
Project("{FAE04EC0-301F-11D3-BF4B-00C04F79EFBC}") = "VLT-MKDE-2019", "VLT-MKDE-2019\VLT-MKDE-2019.csproj", "{9CFB7971-F242-4C7E-A5E2-22948A18DB75}"
EndProject
Global
	GlobalSection(SolutionConfigurationPlatforms) = preSolution
		Debug|Any CPU = Debug|Any CPU
		Debug|x64 = Debug|x64
		Release|Any CPU = Release|Any CPU
		Release|x64 = Release|x64
	EndGlobalSection
	GlobalSection(ProjectConfigurationPlatforms) = postSolution
		{9CFB7971-F242-4C7E-A5E2-22948A18DB75}.Debug|Any CPU.ActiveCfg = Debug|Any CPU
		{9CFB7971-F242-4C7E-A5E2-22948A18DB75}.Debug|Any CPU.Build.0 = Debug|Any CPU
		{9CFB7971-F242-4C7E-A5E2-22948A18DB75}.Debug|x64.ActiveCfg = Debug|x64
		{9CFB7971-F242-4C7E-A5E2-22948A18DB75}.Debug|x64.Build.0 = Debug|x64
		{9CFB7971-F242-4C7E-A5E2-22948A18DB75}.Release|Any CPU.ActiveCfg = Release|Any CPU
		{9CFB7971-F242-4C7E-A5E2-22948A18DB75}.Release|Any CPU.Build.0 = Release|Any CPU
		{9CFB7971-F242-4C7E-A5E2-22948A18DB75}.Release|x64.ActiveCfg = Release|x64
		{9CFB7971-F242-4C7E-A5E2-22948A18DB75}.Release|x64.Build.0 = Release|x64
	EndGlobalSection
	GlobalSection(SolutionProperties) = preSolution
		HideSolutionNode = FALSE
	EndGlobalSection
	GlobalSection(ExtensibilityGlobals) = postSolution
		SolutionGuid = {9F75C7A1-02CE-402A-8274-1C2F017CF8FF}
	EndGlobalSection
EndGlobal
